// !$*UTF8*$!
{
	archiveVersion = 1;
	classes = {
	};
	objectVersion = 50;
	objects = {

/* Begin PBXBuildFile section */
		F9F90D7E22DE2DC4001339BB /* AppDelegate.swift in Sources */ = {isa = PBXBuildFile; fileRef = F9F90D7D22DE2DC4001339BB /* AppDelegate.swift */; };
		F9F90D8022DE2DC4001339BB /* ViewController.swift in Sources */ = {isa = PBXBuildFile; fileRef = F9F90D7F22DE2DC4001339BB /* ViewController.swift */; };
		F9F90D8322DE2DC4001339BB /* Main.storyboard in Resources */ = {isa = PBXBuildFile; fileRef = F9F90D8122DE2DC4001339BB /* Main.storyboard */; };
		F9F90D8522DE2DC4001339BB /* Assets.xcassets in Resources */ = {isa = PBXBuildFile; fileRef = F9F90D8422DE2DC4001339BB /* Assets.xcassets */; };
		F9F90D8822DE2DC4001339BB /* LaunchScreen.storyboard in Resources */ = {isa = PBXBuildFile; fileRef = F9F90D8622DE2DC4001339BB /* LaunchScreen.storyboard */; };
		F9F90D9322DE2DC4001339BB /* signUpTests.swift in Sources */ = {isa = PBXBuildFile; fileRef = F9F90D9222DE2DC4001339BB /* signUpTests.swift */; };
/* End PBXBuildFile section */

/* Begin PBXContainerItemProxy section */
		F9F90D8F22DE2DC4001339BB /* PBXContainerItemProxy */ = {
			isa = PBXContainerItemProxy;
			containerPortal = F9F90D7222DE2DC4001339BB /* Project object */;
			proxyType = 1;
			remoteGlobalIDString = F9F90D7922DE2DC4001339BB;
			remoteInfo = signUp;
		};
/* End PBXContainerItemProxy section */

/* Begin PBXFileReference section */
		F9F90D7A22DE2DC4001339BB /* signUp.app */ = {isa = PBXFileReference; explicitFileType = wrapper.application; includeInIndex = 0; path = signUp.app; sourceTree = BUILT_PRODUCTS_DIR; };
		F9F90D7D22DE2DC4001339BB /* AppDelegate.swift */ = {isa = PBXFileReference; lastKnownFileType = sourcecode.swift; path = AppDelegate.swift; sourceTree = "<group>"; };
		F9F90D7F22DE2DC4001339BB /* ViewController.swift */ = {isa = PBXFileReference; lastKnownFileType = sourcecode.swift; path = ViewController.swift; sourceTree = "<group>"; };
		F9F90D8222DE2DC4001339BB /* Base */ = {isa = PBXFileReference; lastKnownFileType = file.storyboard; name = Base; path = Base.lproj/Main.storyboard; sourceTree = "<group>"; };
		F9F90D8422DE2DC4001339BB /* Assets.xcassets */ = {isa = PBXFileReference; lastKnownFileType = folder.assetcatalog; path = Assets.xcassets; sourceTree = "<group>"; };
		F9F90D8722DE2DC4001339BB /* Base */ = {isa = PBXFileReference; lastKnownFileType = file.storyboard; name = Base; path = Base.lproj/LaunchScreen.storyboard; sourceTree = "<group>"; };
		F9F90D8922DE2DC4001339BB /* Info.plist */ = {isa = PBXFileReference; lastKnownFileType = text.plist.xml; path = Info.plist; sourceTree = "<group>"; };
		F9F90D8E22DE2DC4001339BB /* signUpTests.xctest */ = {isa = PBXFileReference; explicitFileType = wrapper.cfbundle; includeInIndex = 0; path = signUpTests.xctest; sourceTree = BUILT_PRODUCTS_DIR; };
		F9F90D9222DE2DC4001339BB /* signUpTests.swift */ = {isa = PBXFileReference; lastKnownFileType = sourcecode.swift; path = signUpTests.swift; sourceTree = "<group>"; };
		F9F90D9422DE2DC4001339BB /* Info.plist */ = {isa = PBXFileReference; lastKnownFileType = text.plist.xml; path = Info.plist; sourceTree = "<group>"; };
/* End PBXFileReference section */

/* Begin PBXFrameworksBuildPhase section */
		F9F90D7722DE2DC4001339BB /* Frameworks */ = {
			isa = PBXFrameworksBuildPhase;
			buildActionMask = 2147483647;
			files = (
			);
			runOnlyForDeploymentPostprocessing = 0;
		};
		F9F90D8B22DE2DC4001339BB /* Frameworks */ = {
			isa = PBXFrameworksBuildPhase;
			buildActionMask = 2147483647;
			files = (
			);
			runOnlyForDeploymentPostprocessing = 0;
		};
/* End PBXFrameworksBuildPhase section */

/* Begin PBXGroup section */
		F9F90D7122DE2DC4001339BB = {
			isa = PBXGroup;
			children = (
				F9F90D7C22DE2DC4001339BB /* signUp */,
				F9F90D9122DE2DC4001339BB /* signUpTests */,
				F9F90D7B22DE2DC4001339BB /* Products */,
			);
			sourceTree = "<group>";
		};
		F9F90D7B22DE2DC4001339BB /* Products */ = {
			isa = PBXGroup;
			children = (
				F9F90D7A22DE2DC4001339BB /* signUp.app */,
				F9F90D8E22DE2DC4001339BB /* signUpTests.xctest */,
			);
			name = Products;
			sourceTree = "<group>";
		};
		F9F90D7C22DE2DC4001339BB /* signUp */ = {
			isa = PBXGroup;
			children = (
				F9F90D7D22DE2DC4001339BB /* AppDelegate.swift */,
				F9F90D7F22DE2DC4001339BB /* ViewController.swift */,
				F9F90D8122DE2DC4001339BB /* Main.storyboard */,
				F9F90D8422DE2DC4001339BB /* Assets.xcassets */,
				F9F90D8622DE2DC4001339BB /* LaunchScreen.storyboard */,
				F9F90D8922DE2DC4001339BB /* Info.plist */,
			);
			path = signUp;
			sourceTree = "<group>";
		};
		F9F90D9122DE2DC4001339BB /* signUpTests */ = {
			isa = PBXGroup;
			children = (
				F9F90D9222DE2DC4001339BB /* signUpTests.swift */,
				F9F90D9422DE2DC4001339BB /* Info.plist */,
			);
			path = signUpTests;
			sourceTree = "<group>";
		};
/* End PBXGroup section */

/* Begin PBXNativeTarget section */
		F9F90D7922DE2DC4001339BB /* signUp */ = {
			isa = PBXNativeTarget;
			buildConfigurationList = F9F90D9722DE2DC4001339BB /* Build configuration list for PBXNativeTarget "signUp" */;
			buildPhases = (
				F9F90D7622DE2DC4001339BB /* Sources */,
				F9F90D7722DE2DC4001339BB /* Frameworks */,
				F9F90D7822DE2DC4001339BB /* Resources */,
			);
			buildRules = (
			);
			dependencies = (
			);
			name = signUp;
			productName = signUp;
			productReference = F9F90D7A22DE2DC4001339BB /* signUp.app */;
			productType = "com.apple.product-type.application";
		};
		F9F90D8D22DE2DC4001339BB /* signUpTests */ = {
			isa = PBXNativeTarget;
			buildConfigurationList = F9F90D9A22DE2DC4001339BB /* Build configuration list for PBXNativeTarget "signUpTests" */;
			buildPhases = (
				F9F90D8A22DE2DC4001339BB /* Sources */,
				F9F90D8B22DE2DC4001339BB /* Frameworks */,
				F9F90D8C22DE2DC4001339BB /* Resources */,
			);
			buildRules = (
			);
			dependencies = (
				F9F90D9022DE2DC4001339BB /* PBXTargetDependency */,
			);
			name = signUpTests;
			productName = signUpTests;
			productReference = F9F90D8E22DE2DC4001339BB /* signUpTests.xctest */;
			productType = "com.apple.product-type.bundle.unit-test";
		};
/* End PBXNativeTarget section */

/* Begin PBXProject section */
		F9F90D7222DE2DC4001339BB /* Project object */ = {
			isa = PBXProject;
			attributes = {
				LastSwiftUpdateCheck = 1010;
				LastUpgradeCheck = 1010;
				ORGANIZATIONNAME = "Random Inc.";
				TargetAttributes = {
					F9F90D7922DE2DC4001339BB = {
						CreatedOnToolsVersion = 10.1;
					};
					F9F90D8D22DE2DC4001339BB = {
						CreatedOnToolsVersion = 10.1;
						TestTargetID = F9F90D7922DE2DC4001339BB;
					};
				};
			};
			buildConfigurationList = F9F90D7522DE2DC4001339BB /* Build configuration list for PBXProject "signUp" */;
			compatibilityVersion = "Xcode 9.3";
			developmentRegion = en;
			hasScannedForEncodings = 0;
			knownRegions = (
				en,
				Base,
			);
			mainGroup = F9F90D7122DE2DC4001339BB;
			productRefGroup = F9F90D7B22DE2DC4001339BB /* Products */;
			projectDirPath = "";
			projectRoot = "";
			targets = (
				F9F90D7922DE2DC4001339BB /* signUp */,
				F9F90D8D22DE2DC4001339BB /* signUpTests */,
			);
		};
/* End PBXProject section */

/* Begin PBXResourcesBuildPhase section */
		F9F90D7822DE2DC4001339BB /* Resources */ = {
			isa = PBXResourcesBuildPhase;
			buildActionMask = 2147483647;
			files = (
				F9F90D8822DE2DC4001339BB /* LaunchScreen.storyboard in Resources */,
				F9F90D8522DE2DC4001339BB /* Assets.xcassets in Resources */,
				F9F90D8322DE2DC4001339BB /* Main.storyboard in Resources */,
			);
			runOnlyForDeploymentPostprocessing = 0;
		};
		F9F90D8C22DE2DC4001339BB /* Resources */ = {
			isa = PBXResourcesBuildPhase;
			buildActionMask = 2147483647;
			files = (
			);
			runOnlyForDeploymentPostprocessing = 0;
		};
/* End PBXResourcesBuildPhase section */

/* Begin PBXSourcesBuildPhase section */
		F9F90D7622DE2DC4001339BB /* Sources */ = {
			isa = PBXSourcesBuildPhase;
			buildActionMask = 2147483647;
			files = (
				F9F90D8022DE2DC4001339BB /* ViewController.swift in Sources */,
				F9F90D7E22DE2DC4001339BB /* AppDelegate.swift in Sources */,
			);
			runOnlyForDeploymentPostprocessing = 0;
		};
		F9F90D8A22DE2DC4001339BB /* Sources */ = {
			isa = PBXSourcesBuildPhase;
			buildActionMask = 2147483647;
			files = (
				F9F90D9322DE2DC4001339BB /* signUpTests.swift in Sources */,
			);
			runOnlyForDeploymentPostprocessing = 0;
		};
/* End PBXSourcesBuildPhase section */

/* Begin PBXTargetDependency section */
		F9F90D9022DE2DC4001339BB /* PBXTargetDependency */ = {
			isa = PBXTargetDependency;
			target = F9F90D7922DE2DC4001339BB /* signUp */;
			targetProxy = F9F90D8F22DE2DC4001339BB /* PBXContainerItemProxy */;
		};
/* End PBXTargetDependency section */

/* Begin PBXVariantGroup section */
		F9F90D8122DE2DC4001339BB /* Main.storyboard */ = {
			isa = PBXVariantGroup;
			children = (
				F9F90D8222DE2DC4001339BB /* Base */,
			);
			name = Main.storyboard;
			sourceTree = "<group>";
		};
		F9F90D8622DE2DC4001339BB /* LaunchScreen.storyboard */ = {
			isa = PBXVariantGroup;
			children = (
				F9F90D8722DE2DC4001339BB /* Base */,
			);
			name = LaunchScreen.storyboard;
			sourceTree = "<group>";
		};
/* End PBXVariantGroup section */

/* Begin XCBuildConfiguration section */
		F9F90D9522DE2DC4001339BB /* Debug */ = {
			isa = XCBuildConfiguration;
			buildSettings = {
				ALWAYS_SEARCH_USER_PATHS = NO;
				CLANG_ANALYZER_NONNULL = YES;
				CLANG_ANALYZER_NUMBER_OBJECT_CONVERSION = YES_AGGRESSIVE;
				CLANG_CXX_LANGUAGE_STANDARD = "gnu++14";
				CLANG_CXX_LIBRARY = "libc++";
				CLANG_ENABLE_MODULES = YES;
				CLANG_ENABLE_OBJC_ARC = YES;
				CLANG_ENABLE_OBJC_WEAK = YES;
				CLANG_WARN_BLOCK_CAPTURE_AUTORELEASING = YES;
				CLANG_WARN_BOOL_CONVERSION = YES;
				CLANG_WARN_COMMA = YES;
				CLANG_WARN_CONSTANT_CONVERSION = YES;
				CLANG_WARN_DEPRECATED_OBJC_IMPLEMENTATIONS = YES;
				CLANG_WARN_DIRECT_OBJC_ISA_USAGE = YES_ERROR;
				CLANG_WARN_DOCUMENTATION_COMMENTS = YES;
				CLANG_WARN_EMPTY_BODY = YES;
				CLANG_WARN_ENUM_CONVERSION = YES;
				CLANG_WARN_INFINITE_RECURSION = YES;
				CLANG_WARN_INT_CONVERSION = YES;
				CLANG_WARN_NON_LITERAL_NULL_CONVERSION = YES;
				CLANG_WARN_OBJC_IMPLICIT_RETAIN_SELF = YES;
				CLANG_WARN_OBJC_LITERAL_CONVERSION = YES;
				CLANG_WARN_OBJC_ROOT_CLASS = YES_ERROR;
				CLANG_WARN_RANGE_LOOP_ANALYSIS = YES;
				CLANG_WARN_STRICT_PROTOTYPES = YES;
				CLANG_WARN_SUSPICIOUS_MOVE = YES;
				CLANG_WARN_UNGUARDED_AVAILABILITY = YES_AGGRESSIVE;
				CLANG_WARN_UNREACHABLE_CODE = YES;
				CLANG_WARN__DUPLICATE_METHOD_MATCH = YES;
				CODE_SIGN_IDENTITY = "iPhone Developer";
				COPY_PHASE_STRIP = NO;
				DEBUG_INFORMATION_FORMAT = dwarf;
				ENABLE_STRICT_OBJC_MSGSEND = YES;
				ENABLE_TESTABILITY = YES;
				GCC_C_LANGUAGE_STANDARD = gnu11;
				GCC_DYNAMIC_NO_PIC = NO;
				GCC_NO_COMMON_BLOCKS = YES;
				GCC_OPTIMIZATION_LEVEL = 0;
				GCC_PREPROCESSOR_DEFINITIONS = (
					"DEBUG=1",
					"$(inherited)",
				);
				GCC_WARN_64_TO_32_BIT_CONVERSION = YES;
				GCC_WARN_ABOUT_RETURN_TYPE = YES_ERROR;
				GCC_WARN_UNDECLARED_SELECTOR = YES;
				GCC_WARN_UNINITIALIZED_AUTOS = YES_AGGRESSIVE;
				GCC_WARN_UNUSED_FUNCTION = YES;
				GCC_WARN_UNUSED_VARIABLE = YES;
				IPHONEOS_DEPLOYMENT_TARGET = 12.1;
				MTL_ENABLE_DEBUG_INFO = INCLUDE_SOURCE;
				MTL_FAST_MATH = YES;
				ONLY_ACTIVE_ARCH = YES;
				SDKROOT = iphoneos;
				SWIFT_ACTIVE_COMPILATION_CONDITIONS = DEBUG;
				SWIFT_OPTIMIZATION_LEVEL = "-Onone";
			};
			name = Debug;
		};
		F9F90D9622DE2DC4001339BB /* Release */ = {
			isa = XCBuildConfiguration;
			buildSettings = {
				ALWAYS_SEARCH_USER_PATHS = NO;
				CLANG_ANALYZER_NONNULL = YES;
				CLANG_ANALYZER_NUMBER_OBJECT_CONVERSION = YES_AGGRESSIVE;
				CLANG_CXX_LANGUAGE_STANDARD = "gnu++14";
				CLANG_CXX_LIBRARY = "libc++";
				CLANG_ENABLE_MODULES = YES;
				CLANG_ENABLE_OBJC_ARC = YES;
				CLANG_ENABLE_OBJC_WEAK = YES;
				CLANG_WARN_BLOCK_CAPTURE_AUTORELEASING = YES;
				CLANG_WARN_BOOL_CONVERSION = YES;
				CLANG_WARN_COMMA = YES;
				CLANG_WARN_CONSTANT_CONVERSION = YES;
				CLANG_WARN_DEPRECATED_OBJC_IMPLEMENTATIONS = YES;
				CLANG_WARN_DIRECT_OBJC_ISA_USAGE = YES_ERROR;
				CLANG_WARN_DOCUMENTATION_COMMENTS = YES;
				CLANG_WARN_EMPTY_BODY = YES;
				CLANG_WARN_ENUM_CONVERSION = YES;
				CLANG_WARN_INFINITE_RECURSION = YES;
				CLANG_WARN_INT_CONVERSION = YES;
				CLANG_WARN_NON_LITERAL_NULL_CONVERSION = YES;
				CLANG_WARN_OBJC_IMPLICIT_RETAIN_SELF = YES;
				CLANG_WARN_OBJC_LITERAL_CONVERSION = YES;
				CLANG_WARN_OBJC_ROOT_CLASS = YES_ERROR;
				CLANG_WARN_RANGE_LOOP_ANALYSIS = YES;
				CLANG_WARN_STRICT_PROTOTYPES = YES;
				CLANG_WARN_SUSPICIOUS_MOVE = YES;
				CLANG_WARN_UNGUARDED_AVAILABILITY = YES_AGGRESSIVE;
				CLANG_WARN_UNREACHABLE_CODE = YES;
				CLANG_WARN__DUPLICATE_METHOD_MATCH = YES;
				CODE_SIGN_IDENTITY = "iPhone Developer";
				COPY_PHASE_STRIP = NO;
				DEBUG_INFORMATION_FORMAT = "dwarf-with-dsym";
				ENABLE_NS_ASSERTIONS = NO;
				ENABLE_STRICT_OBJC_MSGSEND = YES;
				GCC_C_LANGUAGE_STANDARD = gnu11;
				GCC_NO_COMMON_BLOCKS = YES;
				GCC_WARN_64_TO_32_BIT_CONVERSION = YES;
				GCC_WARN_ABOUT_RETURN_TYPE = YES_ERROR;
				GCC_WARN_UNDECLARED_SELECTOR = YES;
				GCC_WARN_UNINITIALIZED_AUTOS = YES_AGGRESSIVE;
				GCC_WARN_UNUSED_FUNCTION = YES;
				GCC_WARN_UNUSED_VARIABLE = YES;
				IPHONEOS_DEPLOYMENT_TARGET = 12.1;
				MTL_ENABLE_DEBUG_INFO = NO;
				MTL_FAST_MATH = YES;
				SDKROOT = iphoneos;
				SWIFT_COMPILATION_MODE = wholemodule;
				SWIFT_OPTIMIZATION_LEVEL = "-O";
				VALIDATE_PRODUCT = YES;
			};
			name = Release;
		};
		F9F90D9822DE2DC4001339BB /* Debug */ = {
			isa = XCBuildConfiguration;
			buildSettings = {
				ASSETCATALOG_COMPILER_APPICON_NAME = AppIcon;
				CODE_SIGN_STYLE = Automatic;
				INFOPLIST_FILE = signUp/Info.plist;
				LD_RUNPATH_SEARCH_PATHS = (
					"$(inherited)",
					"@executable_path/Frameworks",
				);
				PRODUCT_BUNDLE_IDENTIFIER = com.random.signUp;
				PRODUCT_NAME = "$(TARGET_NAME)";
				SWIFT_VERSION = 4.2;
				TARGETED_DEVICE_FAMILY = "1,2";
			};
			name = Debug;
		};
		F9F90D9922DE2DC4001339BB /* Release */ = {
			isa = XCBuildConfiguration;
			buildSettings = {
				ASSETCATALOG_COMPILER_APPICON_NAME = AppIcon;
				CODE_SIGN_STYLE = Automatic;
				INFOPLIST_FILE = signUp/Info.plist;
				LD_RUNPATH_SEARCH_PATHS = (
					"$(inherited)",
					"@executable_path/Frameworks",
				);
				PRODUCT_BUNDLE_IDENTIFIER = com.random.signUp;
				PRODUCT_NAME = "$(TARGET_NAME)";
				SWIFT_VERSION = 4.2;
				TARGETED_DEVICE_FAMILY = "1,2";
			};
			name = Release;
		};
		F9F90D9B22DE2DC4001339BB /* Debug */ = {
			isa = XCBuildConfiguration;
			buildSettings = {
				ALWAYS_EMBED_SWIFT_STANDARD_LIBRARIES = YES;
				BUNDLE_LOADER = "$(TEST_HOST)";
				CODE_SIGN_STYLE = Automatic;
				INFOPLIST_FILE = signUpTests/Info.plist;
				LD_RUNPATH_SEARCH_PATHS = (
					"$(inherited)",
					"@executable_path/Frameworks",
					"@loader_path/Frameworks",
				);
				PRODUCT_BUNDLE_IDENTIFIER = com.random.signUpTests;
				PRODUCT_NAME = "$(TARGET_NAME)";
				SWIFT_VERSION = 4.2;
				TARGETED_DEVICE_FAMILY = "1,2";
				TEST_HOST = "$(BUILT_PRODUCTS_DIR)/signUp.app/signUp";
			};
			name = Debug;
		};
		F9F90D9C22DE2DC4001339BB /* Release */ = {
			isa = XCBuildConfiguration;
			buildSettings = {
				ALWAYS_EMBED_SWIFT_STANDARD_LIBRARIES = YES;
				BUNDLE_LOADER = "$(TEST_HOST)";
				CODE_SIGN_STYLE = Automatic;
				INFOPLIST_FILE = signUpTests/Info.plist;
				LD_RUNPATH_SEARCH_PATHS = (
					"$(inherited)",
					"@executable_path/Frameworks",
					"@loader_path/Frameworks",
				);
				PRODUCT_BUNDLE_IDENTIFIER = com.random.signUpTests;
				PRODUCT_NAME = "$(TARGET_NAME)";
				SWIFT_VERSION = 4.2;
				TARGETED_DEVICE_FAMILY = "1,2";
				TEST_HOST = "$(BUILT_PRODUCTS_DIR)/signUp.app/signUp";
			};
			name = Release;
		};
/* End XCBuildConfiguration section */

/* Begin XCConfigurationList section */
		F9F90D7522DE2DC4001339BB /* Build configuration list for PBXProject "signUp" */ = {
			isa = XCConfigurationList;
			buildConfigurations = (
				F9F90D9522DE2DC4001339BB /* Debug */,
				F9F90D9622DE2DC4001339BB /* Release */,
			);
			defaultConfigurationIsVisible = 0;
			defaultConfigurationName = Release;
		};
		F9F90D9722DE2DC4001339BB /* Build configuration list for PBXNativeTarget "signUp" */ = {
			isa = XCConfigurationList;
			buildConfigurations = (
				F9F90D9822DE2DC4001339BB /* Debug */,
				F9F90D9922DE2DC4001339BB /* Release */,
			);
			defaultConfigurationIsVisible = 0;
			defaultConfigurationName = Release;
		};
		F9F90D9A22DE2DC4001339BB /* Build configuration list for PBXNativeTarget "signUpTests" */ = {
			isa = XCConfigurationList;
			buildConfigurations = (
				F9F90D9B22DE2DC4001339BB /* Debug */,
				F9F90D9C22DE2DC4001339BB /* Release */,
			);
			defaultConfigurationIsVisible = 0;
			defaultConfigurationName = Release;
		};
/* End XCConfigurationList section */
	};
	rootObject = F9F90D7222DE2DC4001339BB /* Project object */;
}
